{
  "name": "wordcloud",
  "lockfileVersion": 2,
  "requires": true,
  "packages": {
    "": {
      "devDependencies": {
        "d3-cloud": "1.2.9"
      }
    },
    "node_modules/d3-cloud": {
      "version": "1.2.9",
      "resolved": "https://registry.npmjs.org/d3-cloud/-/d3-cloud-1.2.9.tgz",
      "integrity": "sha512-leL1GLneC9ZQtnV+6TGWrNlGfI1WX7S2arcTv2vae12DaXo5wjm6GBCkskXbrDlyOymd/A75Pyj1H37MW4BZ/Q==",
      "dev": true,
      "license": "BSD-3-Clause",
      "dependencies": {
        "d3-dispatch": "^1.0.3"
      }
    },
    "node_modules/d3-dispatch": {
      "version": "1.0.6",
      "resolved": "https://registry.npmjs.org/d3-dispatch/-/d3-dispatch-1.0.6.tgz",
      "integrity": "sha512-fVjoElzjhCEy+Hbn8KygnmMS7Or0a9sI2UzGwoB7cCtvI1XpVN9GpoYlnb3xt2YV66oXYb1fLJ8GMvP4hdU1RA==",
      "dev": true,
      "license": "BSD-3-Clause"
    }
  },
  "dependencies": {
    "d3-cloud": {
      "version": "1.2.9",
      "resolved": "https://registry.npmjs.org/d3-cloud/-/d3-cloud-1.2.9.tgz",
      "integrity": "sha512-leL1GLneC9ZQtnV+6TGWrNlGfI1WX7S2arcTv2vae12DaXo5wjm6GBCkskXbrDlyOymd/A75Pyj1H37MW4BZ/Q==",
      "dev": true,
      "requires": {
        "d3-dispatch": "^1.0.3"
      }
    },
    "d3-dispatch": {
      "version": "1.0.6",
      "resolved": "https://registry.npmjs.org/d3-dispatch/-/d3-dispatch-1.0.6.tgz",
      "integrity": "sha512-fVjoElzjhCEy+Hbn8KygnmMS7Or0a9sI2UzGwoB7cCtvI1XpVN9GpoYlnb3xt2YV66oXYb1fLJ8GMvP4hdU1RA==",
      "dev": true
    }
  }
}
